
Microsoft Visual Studio Solution File, Format Version 12.00
# Visual Studio Version 17
VisualStudioVersion = 17.10.35004.147
MinimumVisualStudioVersion = 10.0.40219.1
Project("{FAE04EC0-301F-11D3-BF4B-00C04F79EFBC}") = "BlazorAppAzure", "BlazorAppAzure\BlazorAppAzure.csproj", "{FA545A8D-BD7F-402F-98F7-8F1B618B3372}"
EndProject
Global
	GlobalSection(SolutionConfigurationPlatforms) = preSolution
		Debug|Any CPU = Debug|Any CPU
		Release|Any CPU = Release|Any CPU
	EndGlobalSection
	GlobalSection(ProjectConfigurationPlatforms) = postSolution
		{FA545A8D-BD7F-402F-98F7-8F1B618B3372}.Debug|Any CPU.ActiveCfg = Debug|Any CPU
		{FA545A8D-BD7F-402F-98F7-8F1B618B3372}.Debug|Any CPU.Build.0 = Debug|Any CPU
		{FA545A8D-BD7F-402F-98F7-8F1B618B3372}.Release|Any CPU.ActiveCfg = Release|Any CPU
		{FA545A8D-BD7F-402F-98F7-8F1B618B3372}.Release|Any CPU.Build.0 = Release|Any CPU
	EndGlobalSection
	GlobalSection(SolutionProperties) = preSolution
		HideSolutionNode = FALSE
	EndGlobalSection
	GlobalSection(ExtensibilityGlobals) = postSolution
		SolutionGuid = {25A4F58B-409E-4E78-9311-C0391041EFE3}
	EndGlobalSection
EndGlobal
